
Microsoft Visual Studio Solution File, Format Version 12.00
# Visual Studio 14
VisualStudioVersion = 14.0.25420.1
MinimumVisualStudioVersion = 10.0.40219.1
Project("{FAE04EC0-301F-11D3-BF4B-00C04F79EFBC}") = "App4.Droid", "App4\App4.Droid\App4.Droid.csproj", "{68C4007F-7F50-4121-9EB9-E9B6141B8CC7}"
EndProject
Project("{FAE04EC0-301F-11D3-BF4B-00C04F79EFBC}") = "App4.iOS", "App4\App4.iOS\App4.iOS.csproj", "{072B2305-480A-4CC3-95CF-FC55AA2DCAAD}"
EndProject
Project("{FAE04EC0-301F-11D3-BF4B-00C04F79EFBC}") = "App4.WinPhone", "App4\App4.WinPhone\App4.WinPhone.csproj", "{8C1A97D4-6344-446A-8DEB-1D4BDD5F7256}"
EndProject
Project("{FAE04EC0-301F-11D3-BF4B-00C04F79EFBC}") = "App4.Windows", "App4\App4.Windows\App4.Windows.csproj", "{D7828FB8-81DC-43C6-822C-C0D2AC236582}"
EndProject
Project("{FAE04EC0-301F-11D3-BF4B-00C04F79EFBC}") = "App4", "App4\App4\App4.csproj", "{FEAB6F85-E746-46F2-A3DF-C5E10B72F75F}"
EndProject
Global
	GlobalSection(SolutionConfigurationPlatforms) = preSolution
		Ad-Hoc|Any CPU = Ad-Hoc|Any CPU
		Ad-Hoc|ARM = Ad-Hoc|ARM
		Ad-Hoc|iPhone = Ad-Hoc|iPhone
		Ad-Hoc|iPhoneSimulator = Ad-Hoc|iPhoneSimulator
		Ad-Hoc|x64 = Ad-Hoc|x64
		Ad-Hoc|x86 = Ad-Hoc|x86
		AppStore|Any CPU = AppStore|Any CPU
		AppStore|ARM = AppStore|ARM
		AppStore|iPhone = AppStore|iPhone
		AppStore|iPhoneSimulator = AppStore|iPhoneSimulator
		AppStore|x64 = AppStore|x64
		AppStore|x86 = AppStore|x86
		Debug|Any CPU = Debug|Any CPU
		Debug|ARM = Debug|ARM
		Debug|iPhone = Debug|iPhone
		Debug|iPhoneSimulator = Debug|iPhoneSimulator
		Debug|x64 = Debug|x64
		Debug|x86 = Debug|x86
		Release|Any CPU = Release|Any CPU
		Release|ARM = Release|ARM
		Release|iPhone = Release|iPhone
		Release|iPhoneSimulator = Release|iPhoneSimulator
		Release|x64 = Release|x64
		Release|x86 = Release|x86
	EndGlobalSection
	GlobalSection(ProjectConfigurationPlatforms) = postSolution
		{68C4007F-7F50-4121-9EB9-E9B6141B8CC7}.Ad-Hoc|Any CPU.ActiveCfg = Release|Any CPU
		{68C4007F-7F50-4121-9EB9-E9B6141B8CC7}.Ad-Hoc|Any CPU.Build.0 = Release|Any CPU
		{68C4007F-7F50-4121-9EB9-E9B6141B8CC7}.Ad-Hoc|Any CPU.Deploy.0 = Release|Any CPU
		{68C4007F-7F50-4121-9EB9-E9B6141B8CC7}.Ad-Hoc|ARM.ActiveCfg = Release|Any CPU
		{68C4007F-7F50-4121-9EB9-E9B6141B8CC7}.Ad-Hoc|ARM.Build.0 = Release|Any CPU
		{68C4007F-7F50-4121-9EB9-E9B6141B8CC7}.Ad-Hoc|ARM.Deploy.0 = Release|Any CPU
		{68C4007F-7F50-4121-9EB9-E9B6141B8CC7}.Ad-Hoc|iPhone.ActiveCfg = Release|Any CPU
		{68C4007F-7F50-4121-9EB9-E9B6141B8CC7}.Ad-Hoc|iPhone.Build.0 = Release|Any CPU
		{68C4007F-7F50-4121-9EB9-E9B6141B8CC7}.Ad-Hoc|iPhone.Deploy.0 = Release|Any CPU
		{68C4007F-7F50-4121-9EB9-E9B6141B8CC7}.Ad-Hoc|iPhoneSimulator.ActiveCfg = Release|Any CPU
		{68C4007F-7F50-4121-9EB9-E9B6141B8CC7}.Ad-Hoc|iPhoneSimulator.Build.0 = Release|Any CPU
		{68C4007F-7F50-4121-9EB9-E9B6141B8CC7}.Ad-Hoc|iPhoneSimulator.Deploy.0 = Release|Any CPU
		{68C4007F-7F50-4121-9EB9-E9B6141B8CC7}.Ad-Hoc|x64.ActiveCfg = Release|Any CPU
		{68C4007F-7F50-4121-9EB9-E9B6141B8CC7}.Ad-Hoc|x64.Build.0 = Release|Any CPU
		{68C4007F-7F50-4121-9EB9-E9B6141B8CC7}.Ad-Hoc|x64.Deploy.0 = Release|Any CPU
		{68C4007F-7F50-4121-9EB9-E9B6141B8CC7}.Ad-Hoc|x86.ActiveCfg = Release|Any CPU
		{68C4007F-7F50-4121-9EB9-E9B6141B8CC7}.Ad-Hoc|x86.Build.0 = Release|Any CPU
		{68C4007F-7F50-4121-9EB9-E9B6141B8CC7}.Ad-Hoc|x86.Deploy.0 = Release|Any CPU
		{68C4007F-7F50-4121-9EB9-E9B6141B8CC7}.AppStore|Any CPU.ActiveCfg = Release|Any CPU
		{68C4007F-7F50-4121-9EB9-E9B6141B8CC7}.AppStore|Any CPU.Build.0 = Release|Any CPU
		{68C4007F-7F50-4121-9EB9-E9B6141B8CC7}.AppStore|Any CPU.Deploy.0 = Release|Any CPU
		{68C4007F-7F50-4121-9EB9-E9B6141B8CC7}.AppStore|ARM.ActiveCfg = Release|Any CPU
		{68C4007F-7F50-4121-9EB9-E9B6141B8CC7}.AppStore|ARM.Build.0 = Release|Any CPU
		{68C4007F-7F50-4121-9EB9-E9B6141B8CC7}.AppStore|ARM.Deploy.0 = Release|Any CPU
		{68C4007F-7F50-4121-9EB9-E9B6141B8CC7}.AppStore|iPhone.ActiveCfg = Release|Any CPU
		{68C4007F-7F50-4121-9EB9-E9B6141B8CC7}.AppStore|iPhone.Build.0 = Release|Any CPU
		{68C4007F-7F50-4121-9EB9-E9B6141B8CC7}.AppStore|iPhone.Deploy.0 = Release|Any CPU
		{68C4007F-7F50-4121-9EB9-E9B6141B8CC7}.AppStore|iPhoneSimulator.ActiveCfg = Release|Any CPU
		{68C4007F-7F50-4121-9EB9-E9B6141B8CC7}.AppStore|iPhoneSimulator.Build.0 = Release|Any CPU
		{68C4007F-7F50-4121-9EB9-E9B6141B8CC7}.AppStore|iPhoneSimulator.Deploy.0 = Release|Any CPU
		{68C4007F-7F50-4121-9EB9-E9B6141B8CC7}.AppStore|x64.ActiveCfg = Release|Any CPU
		{68C4007F-7F50-4121-9EB9-E9B6141B8CC7}.AppStore|x64.Build.0 = Release|Any CPU
		{68C4007F-7F50-4121-9EB9-E9B6141B8CC7}.AppStore|x64.Deploy.0 = Release|Any CPU
		{68C4007F-7F50-4121-9EB9-E9B6141B8CC7}.AppStore|x86.ActiveCfg = Release|Any CPU
		{68C4007F-7F50-4121-9EB9-E9B6141B8CC7}.AppStore|x86.Build.0 = Release|Any CPU
		{68C4007F-7F50-4121-9EB9-E9B6141B8CC7}.AppStore|x86.Deploy.0 = Release|Any CPU
		{68C4007F-7F50-4121-9EB9-E9B6141B8CC7}.Debug|Any CPU.ActiveCfg = Debug|Any CPU
		{68C4007F-7F50-4121-9EB9-E9B6141B8CC7}.Debug|Any CPU.Build.0 = Debug|Any CPU
		{68C4007F-7F50-4121-9EB9-E9B6141B8CC7}.Debug|Any CPU.Deploy.0 = Debug|Any CPU
		{68C4007F-7F50-4121-9EB9-E9B6141B8CC7}.Debug|ARM.ActiveCfg = Debug|Any CPU
		{68C4007F-7F50-4121-9EB9-E9B6141B8CC7}.Debug|ARM.Build.0 = Debug|Any CPU
		{68C4007F-7F50-4121-9EB9-E9B6141B8CC7}.Debug|ARM.Deploy.0 = Debug|Any CPU
		{68C4007F-7F50-4121-9EB9-E9B6141B8CC7}.Debug|iPhone.ActiveCfg = Debug|Any CPU
		{68C4007F-7F50-4121-9EB9-E9B6141B8CC7}.Debug|iPhone.Build.0 = Debug|Any CPU
		{68C4007F-7F50-4121-9EB9-E9B6141B8CC7}.Debug|iPhone.Deploy.0 = Debug|Any CPU
		{68C4007F-7F50-4121-9EB9-E9B6141B8CC7}.Debug|iPhoneSimulator.ActiveCfg = Debug|Any CPU
		{68C4007F-7F50-4121-9EB9-E9B6141B8CC7}.Debug|iPhoneSimulator.Build.0 = Debug|Any CPU
		{68C4007F-7F50-4121-9EB9-E9B6141B8CC7}.Debug|iPhoneSimulator.Deploy.0 = Debug|Any CPU
		{68C4007F-7F50-4121-9EB9-E9B6141B8CC7}.Debug|x64.ActiveCfg = Debug|Any CPU
		{68C4007F-7F50-4121-9EB9-E9B6141B8CC7}.Debug|x64.Build.0 = Debug|Any CPU
		{68C4007F-7F50-4121-9EB9-E9B6141B8CC7}.Debug|x64.Deploy.0 = Debug|Any CPU
		{68C4007F-7F50-4121-9EB9-E9B6141B8CC7}.Debug|x86.ActiveCfg = Debug|Any CPU
		{68C4007F-7F50-4121-9EB9-E9B6141B8CC7}.Debug|x86.Build.0 = Debug|Any CPU
		{68C4007F-7F50-4121-9EB9-E9B6141B8CC7}.Debug|x86.Deploy.0 = Debug|Any CPU
		{68C4007F-7F50-4121-9EB9-E9B6141B8CC7}.Release|Any CPU.ActiveCfg = Release|Any CPU
		{68C4007F-7F50-4121-9EB9-E9B6141B8CC7}.Release|Any CPU.Build.0 = Release|Any CPU
		{68C4007F-7F50-4121-9EB9-E9B6141B8CC7}.Release|Any CPU.Deploy.0 = Release|Any CPU
		{68C4007F-7F50-4121-9EB9-E9B6141B8CC7}.Release|ARM.ActiveCfg = Release|Any CPU
		{68C4007F-7F50-4121-9EB9-E9B6141B8CC7}.Release|ARM.Build.0 = Release|Any CPU
		{68C4007F-7F50-4121-9EB9-E9B6141B8CC7}.Release|ARM.Deploy.0 = Release|Any CPU
		{68C4007F-7F50-4121-9EB9-E9B6141B8CC7}.Release|iPhone.ActiveCfg = Release|Any CPU
		{68C4007F-7F50-4121-9EB9-E9B6141B8CC7}.Release|iPhone.Build.0 = Release|Any CPU
		{68C4007F-7F50-4121-9EB9-E9B6141B8CC7}.Release|iPhone.Deploy.0 = Release|Any CPU
		{68C4007F-7F50-4121-9EB9-E9B6141B8CC7}.Release|iPhoneSimulator.ActiveCfg = Release|Any CPU
		{68C4007F-7F50-4121-9EB9-E9B6141B8CC7}.Release|iPhoneSimulator.Build.0 = Release|Any CPU
		{68C4007F-7F50-4121-9EB9-E9B6141B8CC7}.Release|iPhoneSimulator.Deploy.0 = Release|Any CPU
		{68C4007F-7F50-4121-9EB9-E9B6141B8CC7}.Release|x64.ActiveCfg = Release|Any CPU
		{68C4007F-7F50-4121-9EB9-E9B6141B8CC7}.Release|x64.Build.0 = Release|Any CPU
		{68C4007F-7F50-4121-9EB9-E9B6141B8CC7}.Release|x64.Deploy.0 = Release|Any CPU
		{68C4007F-7F50-4121-9EB9-E9B6141B8CC7}.Release|x86.ActiveCfg = Release|Any CPU
		{68C4007F-7F50-4121-9EB9-E9B6141B8CC7}.Release|x86.Build.0 = Release|Any CPU
		{68C4007F-7F50-4121-9EB9-E9B6141B8CC7}.Release|x86.Deploy.0 = Release|Any CPU
		{072B2305-480A-4CC3-95CF-FC55AA2DCAAD}.Ad-Hoc|Any CPU.ActiveCfg = Ad-Hoc|iPhone
		{072B2305-480A-4CC3-95CF-FC55AA2DCAAD}.Ad-Hoc|ARM.ActiveCfg = Ad-Hoc|iPhone
		{072B2305-480A-4CC3-95CF-FC55AA2DCAAD}.Ad-Hoc|iPhone.ActiveCfg = Ad-Hoc|iPhone
		{072B2305-480A-4CC3-95CF-FC55AA2DCAAD}.Ad-Hoc|iPhone.Build.0 = Ad-Hoc|iPhone
		{072B2305-480A-4CC3-95CF-FC55AA2DCAAD}.Ad-Hoc|iPhoneSimulator.ActiveCfg = Ad-Hoc|iPhoneSimulator
		{072B2305-480A-4CC3-95CF-FC55AA2DCAAD}.Ad-Hoc|iPhoneSimulator.Build.0 = Ad-Hoc|iPhoneSimulator
		{072B2305-480A-4CC3-95CF-FC55AA2DCAAD}.Ad-Hoc|x64.ActiveCfg = Ad-Hoc|iPhone
		{072B2305-480A-4CC3-95CF-FC55AA2DCAAD}.Ad-Hoc|x86.ActiveCfg = Ad-Hoc|iPhone
		{072B2305-480A-4CC3-95CF-FC55AA2DCAAD}.AppStore|Any CPU.ActiveCfg = AppStore|iPhone
		{072B2305-480A-4CC3-95CF-FC55AA2DCAAD}.AppStore|ARM.ActiveCfg = AppStore|iPhone
		{072B2305-480A-4CC3-95CF-FC55AA2DCAAD}.AppStore|iPhone.ActiveCfg = AppStore|iPhone
		{072B2305-480A-4CC3-95CF-FC55AA2DCAAD}.AppStore|iPhone.Build.0 = AppStore|iPhone
		{072B2305-480A-4CC3-95CF-FC55AA2DCAAD}.AppStore|iPhoneSimulator.ActiveCfg = AppStore|iPhoneSimulator
		{072B2305-480A-4CC3-95CF-FC55AA2DCAAD}.AppStore|iPhoneSimulator.Build.0 = AppStore|iPhoneSimulator
		{072B2305-480A-4CC3-95CF-FC55AA2DCAAD}.AppStore|x64.ActiveCfg = AppStore|iPhone
		{072B2305-480A-4CC3-95CF-FC55AA2DCAAD}.AppStore|x86.ActiveCfg = AppStore|iPhone
		{072B2305-480A-4CC3-95CF-FC55AA2DCAAD}.Debug|Any CPU.ActiveCfg = Debug|iPhone
		{072B2305-480A-4CC3-95CF-FC55AA2DCAAD}.Debug|ARM.ActiveCfg = Debug|iPhone
		{072B2305-480A-4CC3-95CF-FC55AA2DCAAD}.Debug|iPhone.ActiveCfg = Debug|iPhone
		{072B2305-480A-4CC3-95CF-FC55AA2DCAAD}.Debug|iPhone.Build.0 = Debug|iPhone
		{072B2305-480A-4CC3-95CF-FC55AA2DCAAD}.Debug|iPhoneSimulator.ActiveCfg = Debug|iPhoneSimulator
		{072B2305-480A-4CC3-95CF-FC55AA2DCAAD}.Debug|iPhoneSimulator.Build.0 = Debug|iPhoneSimulator
		{072B2305-480A-4CC3-95CF-FC55AA2DCAAD}.Debug|x64.ActiveCfg = Debug|iPhone
		{072B2305-480A-4CC3-95CF-FC55AA2DCAAD}.Debug|x86.ActiveCfg = Debug|iPhone
		{072B2305-480A-4CC3-95CF-FC55AA2DCAAD}.Release|Any CPU.ActiveCfg = Release|iPhone
		{072B2305-480A-4CC3-95CF-FC55AA2DCAAD}.Release|ARM.ActiveCfg = Release|iPhone
		{072B2305-480A-4CC3-95CF-FC55AA2DCAAD}.Release|iPhone.ActiveCfg = Release|iPhone
		{072B2305-480A-4CC3-95CF-FC55AA2DCAAD}.Release|iPhone.Build.0 = Release|iPhone
		{072B2305-480A-4CC3-95CF-FC55AA2DCAAD}.Release|iPhoneSimulator.ActiveCfg = Release|iPhoneSimulator
		{072B2305-480A-4CC3-95CF-FC55AA2DCAAD}.Release|iPhoneSimulator.Build.0 = Release|iPhoneSimulator
		{072B2305-480A-4CC3-95CF-FC55AA2DCAAD}.Release|x64.ActiveCfg = Release|iPhone
		{072B2305-480A-4CC3-95CF-FC55AA2DCAAD}.Release|x86.ActiveCfg = Release|iPhone
		{8C1A97D4-6344-446A-8DEB-1D4BDD5F7256}.Ad-Hoc|Any CPU.ActiveCfg = Release|Any CPU
		{8C1A97D4-6344-446A-8DEB-1D4BDD5F7256}.Ad-Hoc|Any CPU.Build.0 = Release|Any CPU
		{8C1A97D4-6344-446A-8DEB-1D4BDD5F7256}.Ad-Hoc|Any CPU.Deploy.0 = Release|Any CPU
		{8C1A97D4-6344-446A-8DEB-1D4BDD5F7256}.Ad-Hoc|ARM.ActiveCfg = Release|ARM
		{8C1A97D4-6344-446A-8DEB-1D4BDD5F7256}.Ad-Hoc|ARM.Build.0 = Release|ARM
		{8C1A97D4-6344-446A-8DEB-1D4BDD5F7256}.Ad-Hoc|ARM.Deploy.0 = Release|ARM
		{8C1A97D4-6344-446A-8DEB-1D4BDD5F7256}.Ad-Hoc|iPhone.ActiveCfg = Release|Any CPU
		{8C1A97D4-6344-446A-8DEB-1D4BDD5F7256}.Ad-Hoc|iPhone.Build.0 = Release|Any CPU
		{8C1A97D4-6344-446A-8DEB-1D4BDD5F7256}.Ad-Hoc|iPhone.Deploy.0 = Release|Any CPU
		{8C1A97D4-6344-446A-8DEB-1D4BDD5F7256}.Ad-Hoc|iPhoneSimulator.ActiveCfg = Release|Any CPU
		{8C1A97D4-6344-446A-8DEB-1D4BDD5F7256}.Ad-Hoc|iPhoneSimulator.Build.0 = Release|Any CPU
		{8C1A97D4-6344-446A-8DEB-1D4BDD5F7256}.Ad-Hoc|iPhoneSimulator.Deploy.0 = Release|Any CPU
		{8C1A97D4-6344-446A-8DEB-1D4BDD5F7256}.Ad-Hoc|x64.ActiveCfg = Release|Any CPU
		{8C1A97D4-6344-446A-8DEB-1D4BDD5F7256}.Ad-Hoc|x64.Build.0 = Release|Any CPU
		{8C1A97D4-6344-446A-8DEB-1D4BDD5F7256}.Ad-Hoc|x64.Deploy.0 = Release|Any CPU
		{8C1A97D4-6344-446A-8DEB-1D4BDD5F7256}.Ad-Hoc|x86.ActiveCfg = Release|x86
		{8C1A97D4-6344-446A-8DEB-1D4BDD5F7256}.Ad-Hoc|x86.Build.0 = Release|x86
		{8C1A97D4-6344-446A-8DEB-1D4BDD5F7256}.Ad-Hoc|x86.Deploy.0 = Release|x86
		{8C1A97D4-6344-446A-8DEB-1D4BDD5F7256}.AppStore|Any CPU.ActiveCfg = Release|Any CPU
		{8C1A97D4-6344-446A-8DEB-1D4BDD5F7256}.AppStore|Any CPU.Build.0 = Release|Any CPU
		{8C1A97D4-6344-446A-8DEB-1D4BDD5F7256}.AppStore|Any CPU.Deploy.0 = Release|Any CPU
		{8C1A97D4-6344-446A-8DEB-1D4BDD5F7256}.AppStore|ARM.ActiveCfg = Release|ARM
		{8C1A97D4-6344-446A-8DEB-1D4BDD5F7256}.AppStore|ARM.Build.0 = Release|ARM
		{8C1A97D4-6344-446A-8DEB-1D4BDD5F7256}.AppStore|ARM.Deploy.0 = Release|ARM
		{8C1A97D4-6344-446A-8DEB-1D4BDD5F7256}.AppStore|iPhone.ActiveCfg = Release|Any CPU
		{8C1A97D4-6344-446A-8DEB-1D4BDD5F7256}.AppStore|iPhone.Build.0 = Release|Any CPU
		{8C1A97D4-6344-446A-8DEB-1D4BDD5F7256}.AppStore|iPhone.Deploy.0 = Release|Any CPU
		{8C1A97D4-6344-446A-8DEB-1D4BDD5F7256}.AppStore|iPhoneSimulator.ActiveCfg = Release|Any CPU
		{8C1A97D4-6344-446A-8DEB-1D4BDD5F7256}.AppStore|iPhoneSimulator.Build.0 = Release|Any CPU
		{8C1A97D4-6344-446A-8DEB-1D4BDD5F7256}.AppStore|iPhoneSimulator.Deploy.0 = Release|Any CPU
		{8C1A97D4-6344-446A-8DEB-1D4BDD5F7256}.AppStore|x64.ActiveCfg = Release|Any CPU
		{8C1A97D4-6344-446A-8DEB-1D4BDD5F7256}.AppStore|x64.Build.0 = Release|Any CPU
		{8C1A97D4-6344-446A-8DEB-1D4BDD5F7256}.AppStore|x64.Deploy.0 = Release|Any CPU
		{8C1A97D4-6344-446A-8DEB-1D4BDD5F7256}.AppStore|x86.ActiveCfg = Release|x86
		{8C1A97D4-6344-446A-8DEB-1D4BDD5F7256}.AppStore|x86.Build.0 = Release|x86
		{8C1A97D4-6344-446A-8DEB-1D4BDD5F7256}.AppStore|x86.Deploy.0 = Release|x86
		{8C1A97D4-6344-446A-8DEB-1D4BDD5F7256}.Debug|Any CPU.ActiveCfg = Debug|Any CPU
		{8C1A97D4-6344-446A-8DEB-1D4BDD5F7256}.Debug|Any CPU.Build.0 = Debug|Any CPU
		{8C1A97D4-6344-446A-8DEB-1D4BDD5F7256}.Debug|Any CPU.Deploy.0 = Debug|Any CPU
		{8C1A97D4-6344-446A-8DEB-1D4BDD5F7256}.Debug|ARM.ActiveCfg = Debug|ARM
		{8C1A97D4-6344-446A-8DEB-1D4BDD5F7256}.Debug|ARM.Build.0 = Debug|ARM
		{8C1A97D4-6344-446A-8DEB-1D4BDD5F7256}.Debug|ARM.Deploy.0 = Debug|ARM
		{8C1A97D4-6344-446A-8DEB-1D4BDD5F7256}.Debug|iPhone.ActiveCfg = Debug|Any CPU
		{8C1A97D4-6344-446A-8DEB-1D4BDD5F7256}.Debug|iPhone.Build.0 = Debug|Any CPU
		{8C1A97D4-6344-446A-8DEB-1D4BDD5F7256}.Debug|iPhone.Deploy.0 = Debug|Any CPU
		{8C1A97D4-6344-446A-8DEB-1D4BDD5F7256}.Debug|iPhoneSimulator.ActiveCfg = Debug|Any CPU
		{8C1A97D4-6344-446A-8DEB-1D4BDD5F7256}.Debug|iPhoneSimulator.Build.0 = Debug|Any CPU
		{8C1A97D4-6344-446A-8DEB-1D4BDD5F7256}.Debug|iPhoneSimulator.Deploy.0 = Debug|Any CPU
		{8C1A97D4-6344-446A-8DEB-1D4BDD5F7256}.Debug|x64.ActiveCfg = Debug|Any CPU
		{8C1A97D4-6344-446A-8DEB-1D4BDD5F7256}.Debug|x64.Build.0 = Debug|Any CPU
		{8C1A97D4-6344-446A-8DEB-1D4BDD5F7256}.Debug|x64.Deploy.0 = Debug|Any CPU
		{8C1A97D4-6344-446A-8DEB-1D4BDD5F7256}.Debug|x86.ActiveCfg = Debug|x86
		{8C1A97D4-6344-446A-8DEB-1D4BDD5F7256}.Debug|x86.Build.0 = Debug|x86
		{8C1A97D4-6344-446A-8DEB-1D4BDD5F7256}.Debug|x86.Deploy.0 = Debug|x86
		{8C1A97D4-6344-446A-8DEB-1D4BDD5F7256}.Release|Any CPU.ActiveCfg = Release|Any CPU
		{8C1A97D4-6344-446A-8DEB-1D4BDD5F7256}.Release|Any CPU.Build.0 = Release|Any CPU
		{8C1A97D4-6344-446A-8DEB-1D4BDD5F7256}.Release|Any CPU.Deploy.0 = Release|Any CPU
		{8C1A97D4-6344-446A-8DEB-1D4BDD5F7256}.Release|ARM.ActiveCfg = Release|ARM
		{8C1A97D4-6344-446A-8DEB-1D4BDD5F7256}.Release|ARM.Build.0 = Release|ARM
		{8C1A97D4-6344-446A-8DEB-1D4BDD5F7256}.Release|ARM.Deploy.0 = Release|ARM
		{8C1A97D4-6344-446A-8DEB-1D4BDD5F7256}.Release|iPhone.ActiveCfg = Release|Any CPU
		{8C1A97D4-6344-446A-8DEB-1D4BDD5F7256}.Release|iPhone.Build.0 = Release|Any CPU
		{8C1A97D4-6344-446A-8DEB-1D4BDD5F7256}.Release|iPhone.Deploy.0 = Release|Any CPU
		{8C1A97D4-6344-446A-8DEB-1D4BDD5F7256}.Release|iPhoneSimulator.ActiveCfg = Release|Any CPU
		{8C1A97D4-6344-446A-8DEB-1D4BDD5F7256}.Release|iPhoneSimulator.Build.0 = Release|Any CPU
		{8C1A97D4-6344-446A-8DEB-1D4BDD5F7256}.Release|iPhoneSimulator.Deploy.0 = Release|Any CPU
		{8C1A97D4-6344-446A-8DEB-1D4BDD5F7256}.Release|x64.ActiveCfg = Release|Any CPU
		{8C1A97D4-6344-446A-8DEB-1D4BDD5F7256}.Release|x64.Build.0 = Release|Any CPU
		{8C1A97D4-6344-446A-8DEB-1D4BDD5F7256}.Release|x64.Deploy.0 = Release|Any CPU
		{8C1A97D4-6344-446A-8DEB-1D4BDD5F7256}.Release|x86.ActiveCfg = Release|x86
		{8C1A97D4-6344-446A-8DEB-1D4BDD5F7256}.Release|x86.Build.0 = Release|x86
		{8C1A97D4-6344-446A-8DEB-1D4BDD5F7256}.Release|x86.Deploy.0 = Release|x86
		{D7828FB8-81DC-43C6-822C-C0D2AC236582}.Ad-Hoc|Any CPU.ActiveCfg = Release|Any CPU
		{D7828FB8-81DC-43C6-822C-C0D2AC236582}.Ad-Hoc|Any CPU.Build.0 = Release|Any CPU
		{D7828FB8-81DC-43C6-822C-C0D2AC236582}.Ad-Hoc|Any CPU.Deploy.0 = Release|Any CPU
		{D7828FB8-81DC-43C6-822C-C0D2AC236582}.Ad-Hoc|ARM.ActiveCfg = Release|ARM
		{D7828FB8-81DC-43C6-822C-C0D2AC236582}.Ad-Hoc|ARM.Build.0 = Release|ARM
		{D7828FB8-81DC-43C6-822C-C0D2AC236582}.Ad-Hoc|ARM.Deploy.0 = Release|ARM
		{D7828FB8-81DC-43C6-822C-C0D2AC236582}.Ad-Hoc|iPhone.ActiveCfg = Release|Any CPU
		{D7828FB8-81DC-43C6-822C-C0D2AC236582}.Ad-Hoc|iPhone.Build.0 = Release|Any CPU
		{D7828FB8-81DC-43C6-822C-C0D2AC236582}.Ad-Hoc|iPhone.Deploy.0 = Release|Any CPU
		{D7828FB8-81DC-43C6-822C-C0D2AC236582}.Ad-Hoc|iPhoneSimulator.ActiveCfg = Release|Any CPU
		{D7828FB8-81DC-43C6-822C-C0D2AC236582}.Ad-Hoc|iPhoneSimulator.Build.0 = Release|Any CPU
		{D7828FB8-81DC-43C6-822C-C0D2AC236582}.Ad-Hoc|iPhoneSimulator.Deploy.0 = Release|Any CPU
		{D7828FB8-81DC-43C6-822C-C0D2AC236582}.Ad-Hoc|x64.ActiveCfg = Release|x64
		{D7828FB8-81DC-43C6-822C-C0D2AC236582}.Ad-Hoc|x64.Build.0 = Release|x64
		{D7828FB8-81DC-43C6-822C-C0D2AC236582}.Ad-Hoc|x64.Deploy.0 = Release|x64
		{D7828FB8-81DC-43C6-822C-C0D2AC236582}.Ad-Hoc|x86.ActiveCfg = Release|x86
		{D7828FB8-81DC-43C6-822C-C0D2AC236582}.Ad-Hoc|x86.Build.0 = Release|x86
		{D7828FB8-81DC-43C6-822C-C0D2AC236582}.Ad-Hoc|x86.Deploy.0 = Release|x86
		{D7828FB8-81DC-43C6-822C-C0D2AC236582}.AppStore|Any CPU.ActiveCfg = Release|Any CPU
		{D7828FB8-81DC-43C6-822C-C0D2AC236582}.AppStore|Any CPU.Build.0 = Release|Any CPU
		{D7828FB8-81DC-43C6-822C-C0D2AC236582}.AppStore|Any CPU.Deploy.0 = Release|Any CPU
		{D7828FB8-81DC-43C6-822C-C0D2AC236582}.AppStore|ARM.ActiveCfg = Release|ARM
		{D7828FB8-81DC-43C6-822C-C0D2AC236582}.AppStore|ARM.Build.0 = Release|ARM
		{D7828FB8-81DC-43C6-822C-C0D2AC236582}.AppStore|ARM.Deploy.0 = Release|ARM
		{D7828FB8-81DC-43C6-822C-C0D2AC236582}.AppStore|iPhone.ActiveCfg = Release|Any CPU
		{D7828FB8-81DC-43C6-822C-C0D2AC236582}.AppStore|iPhone.Build.0 = Release|Any CPU
		{D7828FB8-81DC-43C6-822C-C0D2AC236582}.AppStore|iPhone.Deploy.0 = Release|Any CPU
		{D7828FB8-81DC-43C6-822C-C0D2AC236582}.AppStore|iPhoneSimulator.ActiveCfg = Release|Any CPU
		{D7828FB8-81DC-43C6-822C-C0D2AC236582}.AppStore|iPhoneSimulator.Build.0 = Release|Any CPU
		{D7828FB8-81DC-43C6-822C-C0D2AC236582}.AppStore|iPhoneSimulator.Deploy.0 = Release|Any CPU
		{D7828FB8-81DC-43C6-822C-C0D2AC236582}.AppStore|x64.ActiveCfg = Release|x64
		{D7828FB8-81DC-43C6-822C-C0D2AC236582}.AppStore|x64.Build.0 = Release|x64
		{D7828FB8-81DC-43C6-822C-C0D2AC236582}.AppStore|x64.Deploy.0 = Release|x64
		{D7828FB8-81DC-43C6-822C-C0D2AC236582}.AppStore|x86.ActiveCfg = Release|x86
		{D7828FB8-81DC-43C6-822C-C0D2AC236582}.AppStore|x86.Build.0 = Release|x86
		{D7828FB8-81DC-43C6-822C-C0D2AC236582}.AppStore|x86.Deploy.0 = Release|x86
		{D7828FB8-81DC-43C6-822C-C0D2AC236582}.Debug|Any CPU.ActiveCfg = Debug|Any CPU
		{D7828FB8-81DC-43C6-822C-C0D2AC236582}.Debug|Any CPU.Build.0 = Debug|Any CPU
		{D7828FB8-81DC-43C6-822C-C0D2AC236582}.Debug|Any CPU.Deploy.0 = Debug|Any CPU
		{D7828FB8-81DC-43C6-822C-C0D2AC236582}.Debug|ARM.ActiveCfg = Debug|ARM
		{D7828FB8-81DC-43C6-822C-C0D2AC236582}.Debug|ARM.Build.0 = Debug|ARM
		{D7828FB8-81DC-43C6-822C-C0D2AC236582}.Debug|ARM.Deploy.0 = Debug|ARM
		{D7828FB8-81DC-43C6-822C-C0D2AC236582}.Debug|iPhone.ActiveCfg = Debug|Any CPU
		{D7828FB8-81DC-43C6-822C-C0D2AC236582}.Debug|iPhone.Build.0 = Debug|Any CPU
		{D7828FB8-81DC-43C6-822C-C0D2AC236582}.Debug|iPhone.Deploy.0 = Debug|Any CPU
		{D7828FB8-81DC-43C6-822C-C0D2AC236582}.Debug|iPhoneSimulator.ActiveCfg = Debug|Any CPU
		{D7828FB8-81DC-43C6-822C-C0D2AC236582}.Debug|iPhoneSimulator.Build.0 = Debug|Any CPU
		{D7828FB8-81DC-43C6-822C-C0D2AC236582}.Debug|iPhoneSimulator.Deploy.0 = Debug|Any CPU
		{D7828FB8-81DC-43C6-822C-C0D2AC236582}.Debug|x64.ActiveCfg = Debug|x64
		{D7828FB8-81DC-43C6-822C-C0D2AC236582}.Debug|x64.Build.0 = Debug|x64
		{D7828FB8-81DC-43C6-822C-C0D2AC236582}.Debug|x64.Deploy.0 = Debug|x64
		{D7828FB8-81DC-43C6-822C-C0D2AC236582}.Debug|x86.ActiveCfg = Debug|x86
		{D7828FB8-81DC-43C6-822C-C0D2AC236582}.Debug|x86.Build.0 = Debug|x86
		{D7828FB8-81DC-43C6-822C-C0D2AC236582}.Debug|x86.Deploy.0 = Debug|x86
		{D7828FB8-81DC-43C6-822C-C0D2AC236582}.Release|Any CPU.ActiveCfg = Release|Any CPU
		{D7828FB8-81DC-43C6-822C-C0D2AC236582}.Release|Any CPU.Build.0 = Release|Any CPU
		{D7828FB8-81DC-43C6-822C-C0D2AC236582}.Release|Any CPU.Deploy.0 = Release|Any CPU
		{D7828FB8-81DC-43C6-822C-C0D2AC236582}.Release|ARM.ActiveCfg = Release|ARM
		{D7828FB8-81DC-43C6-822C-C0D2AC236582}.Release|ARM.Build.0 = Release|ARM
		{D7828FB8-81DC-43C6-822C-C0D2AC236582}.Release|ARM.Deploy.0 = Release|ARM
		{D7828FB8-81DC-43C6-822C-C0D2AC236582}.Release|iPhone.ActiveCfg = Release|Any CPU
		{D7828FB8-81DC-43C6-822C-C0D2AC236582}.Release|iPhone.Build.0 = Release|Any CPU
		{D7828FB8-81DC-43C6-822C-C0D2AC236582}.Release|iPhone.Deploy.0 = Release|Any CPU
		{D7828FB8-81DC-43C6-822C-C0D2AC236582}.Release|iPhoneSimulator.ActiveCfg = Release|Any CPU
		{D7828FB8-81DC-43C6-822C-C0D2AC236582}.Release|iPhoneSimulator.Build.0 = Release|Any CPU
		{D7828FB8-81DC-43C6-822C-C0D2AC236582}.Release|iPhoneSimulator.Deploy.0 = Release|Any CPU
		{D7828FB8-81DC-43C6-822C-C0D2AC236582}.Release|x64.ActiveCfg = Release|x64
		{D7828FB8-81DC-43C6-822C-C0D2AC236582}.Release|x64.Build.0 = Release|x64
		{D7828FB8-81DC-43C6-822C-C0D2AC236582}.Release|x64.Deploy.0 = Release|x64
		{D7828FB8-81DC-43C6-822C-C0D2AC236582}.Release|x86.ActiveCfg = Release|x86
		{D7828FB8-81DC-43C6-822C-C0D2AC236582}.Release|x86.Build.0 = Release|x86
		{D7828FB8-81DC-43C6-822C-C0D2AC236582}.Release|x86.Deploy.0 = Release|x86
		{FEAB6F85-E746-46F2-A3DF-C5E10B72F75F}.Ad-Hoc|Any CPU.ActiveCfg = Release|Any CPU
		{FEAB6F85-E746-46F2-A3DF-C5E10B72F75F}.Ad-Hoc|Any CPU.Build.0 = Release|Any CPU
		{FEAB6F85-E746-46F2-A3DF-C5E10B72F75F}.Ad-Hoc|ARM.ActiveCfg = Release|Any CPU
		{FEAB6F85-E746-46F2-A3DF-C5E10B72F75F}.Ad-Hoc|ARM.Build.0 = Release|Any CPU
		{FEAB6F85-E746-46F2-A3DF-C5E10B72F75F}.Ad-Hoc|iPhone.ActiveCfg = Release|Any CPU
		{FEAB6F85-E746-46F2-A3DF-C5E10B72F75F}.Ad-Hoc|iPhone.Build.0 = Release|Any CPU
		{FEAB6F85-E746-46F2-A3DF-C5E10B72F75F}.Ad-Hoc|iPhoneSimulator.ActiveCfg = Release|Any CPU
		{FEAB6F85-E746-46F2-A3DF-C5E10B72F75F}.Ad-Hoc|iPhoneSimulator.Build.0 = Release|Any CPU
		{FEAB6F85-E746-46F2-A3DF-C5E10B72F75F}.Ad-Hoc|x64.ActiveCfg = Release|Any CPU
		{FEAB6F85-E746-46F2-A3DF-C5E10B72F75F}.Ad-Hoc|x64.Build.0 = Release|Any CPU
		{FEAB6F85-E746-46F2-A3DF-C5E10B72F75F}.Ad-Hoc|x86.ActiveCfg = Release|Any CPU
		{FEAB6F85-E746-46F2-A3DF-C5E10B72F75F}.Ad-Hoc|x86.Build.0 = Release|Any CPU
		{FEAB6F85-E746-46F2-A3DF-C5E10B72F75F}.AppStore|Any CPU.ActiveCfg = Release|Any CPU
		{FEAB6F85-E746-46F2-A3DF-C5E10B72F75F}.AppStore|Any CPU.Build.0 = Release|Any CPU
		{FEAB6F85-E746-46F2-A3DF-C5E10B72F75F}.AppStore|ARM.ActiveCfg = Release|Any CPU
		{FEAB6F85-E746-46F2-A3DF-C5E10B72F75F}.AppStore|ARM.Build.0 = Release|Any CPU
		{FEAB6F85-E746-46F2-A3DF-C5E10B72F75F}.AppStore|iPhone.ActiveCfg = Release|Any CPU
		{FEAB6F85-E746-46F2-A3DF-C5E10B72F75F}.AppStore|iPhone.Build.0 = Release|Any CPU
		{FEAB6F85-E746-46F2-A3DF-C5E10B72F75F}.AppStore|iPhoneSimulator.ActiveCfg = Release|Any CPU
		{FEAB6F85-E746-46F2-A3DF-C5E10B72F75F}.AppStore|iPhoneSimulator.Build.0 = Release|Any CPU
		{FEAB6F85-E746-46F2-A3DF-C5E10B72F75F}.AppStore|x64.ActiveCfg = Release|Any CPU
		{FEAB6F85-E746-46F2-A3DF-C5E10B72F75F}.AppStore|x64.Build.0 = Release|Any CPU
		{FEAB6F85-E746-46F2-A3DF-C5E10B72F75F}.AppStore|x86.ActiveCfg = Release|Any CPU
		{FEAB6F85-E746-46F2-A3DF-C5E10B72F75F}.AppStore|x86.Build.0 = Release|Any CPU
		{FEAB6F85-E746-46F2-A3DF-C5E10B72F75F}.Debug|Any CPU.ActiveCfg = Debug|Any CPU
		{FEAB6F85-E746-46F2-A3DF-C5E10B72F75F}.Debug|Any CPU.Build.0 = Debug|Any CPU
		{FEAB6F85-E746-46F2-A3DF-C5E10B72F75F}.Debug|ARM.ActiveCfg = Debug|Any CPU
		{FEAB6F85-E746-46F2-A3DF-C5E10B72F75F}.Debug|ARM.Build.0 = Debug|Any CPU
		{FEAB6F85-E746-46F2-A3DF-C5E10B72F75F}.Debug|iPhone.ActiveCfg = Debug|Any CPU
		{FEAB6F85-E746-46F2-A3DF-C5E10B72F75F}.Debug|iPhone.Build.0 = Debug|Any CPU
		{FEAB6F85-E746-46F2-A3DF-C5E10B72F75F}.Debug|iPhoneSimulator.ActiveCfg = Debug|Any CPU
		{FEAB6F85-E746-46F2-A3DF-C5E10B72F75F}.Debug|iPhoneSimulator.Build.0 = Debug|Any CPU
		{FEAB6F85-E746-46F2-A3DF-C5E10B72F75F}.Debug|x64.ActiveCfg = Debug|Any CPU
		{FEAB6F85-E746-46F2-A3DF-C5E10B72F75F}.Debug|x64.Build.0 = Debug|Any CPU
		{FEAB6F85-E746-46F2-A3DF-C5E10B72F75F}.Debug|x86.ActiveCfg = Debug|Any CPU
		{FEAB6F85-E746-46F2-A3DF-C5E10B72F75F}.Debug|x86.Build.0 = Debug|Any CPU
		{FEAB6F85-E746-46F2-A3DF-C5E10B72F75F}.Release|Any CPU.ActiveCfg = Release|Any CPU
		{FEAB6F85-E746-46F2-A3DF-C5E10B72F75F}.Release|Any CPU.Build.0 = Release|Any CPU
		{FEAB6F85-E746-46F2-A3DF-C5E10B72F75F}.Release|ARM.ActiveCfg = Release|Any CPU
		{FEAB6F85-E746-46F2-A3DF-C5E10B72F75F}.Release|ARM.Build.0 = Release|Any CPU
		{FEAB6F85-E746-46F2-A3DF-C5E10B72F75F}.Release|iPhone.ActiveCfg = Release|Any CPU
		{FEAB6F85-E746-46F2-A3DF-C5E10B72F75F}.Release|iPhone.Build.0 = Release|Any CPU
		{FEAB6F85-E746-46F2-A3DF-C5E10B72F75F}.Release|iPhoneSimulator.ActiveCfg = Release|Any CPU
		{FEAB6F85-E746-46F2-A3DF-C5E10B72F75F}.Release|iPhoneSimulator.Build.0 = Release|Any CPU
		{FEAB6F85-E746-46F2-A3DF-C5E10B72F75F}.Release|x64.ActiveCfg = Release|Any CPU
		{FEAB6F85-E746-46F2-A3DF-C5E10B72F75F}.Release|x64.Build.0 = Release|Any CPU
		{FEAB6F85-E746-46F2-A3DF-C5E10B72F75F}.Release|x86.ActiveCfg = Release|Any CPU
		{FEAB6F85-E746-46F2-A3DF-C5E10B72F75F}.Release|x86.Build.0 = Release|Any CPU
	EndGlobalSection
	GlobalSection(SolutionProperties) = preSolution
		HideSolutionNode = FALSE
	EndGlobalSection
EndGlobal
